
Microsoft Visual Studio Solution File, Format Version 12.00
# Visual Studio Version 16
VisualStudioVersion = 16.0.32126.315
MinimumVisualStudioVersion = 10.0.40219.1
Project("{FAE04EC0-301F-11D3-BF4B-00C04F79EFBC}") = "FirstReverse", "FirstReverse\FirstReverse.csproj", "{A35C23A9-D4C3-4D09-BBF3-6CF9749FA7C2}"
EndProject
Global
	GlobalSection(SolutionConfigurationPlatforms) = preSolution
		Debug|Any CPU = Debug|Any CPU
		Release|Any CPU = Release|Any CPU
	EndGlobalSection
	GlobalSection(ProjectConfigurationPlatforms) = postSolution
		{A35C23A9-D4C3-4D09-BBF3-6CF9749FA7C2}.Debug|Any CPU.ActiveCfg = Debug|Any CPU
		{A35C23A9-D4C3-4D09-BBF3-6CF9749FA7C2}.Debug|Any CPU.Build.0 = Debug|Any CPU
		{A35C23A9-D4C3-4D09-BBF3-6CF9749FA7C2}.Release|Any CPU.ActiveCfg = Release|Any CPU
		{A35C23A9-D4C3-4D09-BBF3-6CF9749FA7C2}.Release|Any CPU.Build.0 = Release|Any CPU
	EndGlobalSection
	GlobalSection(SolutionProperties) = preSolution
		HideSolutionNode = FALSE
	EndGlobalSection
	GlobalSection(ExtensibilityGlobals) = postSolution
		SolutionGuid = {02324C57-B128-4CFA-8E36-3F5BF5CEED4B}
	EndGlobalSection
EndGlobal
